{
  "name": "lab1",
  "version": "1.0.0",
  "lockfileVersion": 3,
  "requires": true,
  "packages": {
    "": {
      "name": "lab1",
      "version": "1.0.0",
      "license": "ISC",
      "dependencies": {
        "@lokeshkatta/reverse-sentence": "^1.0.0"
      },
      "devDependencies": {
        "name-generate": "^0.0.1"
      }
    },
    "node_modules/@lokeshkatta/reverse-sentence": {
      "version": "1.0.0",
      "resolved": "https://registry.npmjs.org/@lokeshkatta/reverse-sentence/-/reverse-sentence-1.0.0.tgz",
      "integrity": "sha512-HOhy4FDfDtU92P33elMcUnnqJLibjPDv2vEXV4MOdOZ/83o+9LQwKB1eRx/9+BGb3rEJok73NGCozVkyvjvT3A=="
    },
    "node_modules/name-generate": {
      "version": "0.0.1",
      "resolved": "https://registry.npmjs.org/name-generate/-/name-generate-0.0.1.tgz",
      "integrity": "sha512-a4tHFR1Xx1Qf+W8JWBqumq05ZLfQa7pDu/6xfl0hLxZIP5loHqWCDYr+oydCNd916lHzn+smKjEhfVBOrAYCiA==",
      "dev": true
    }
  }
}
